
Microsoft Visual Studio Solution File, Format Version 12.00
# Visual Studio Version 17
VisualStudioVersion = 17.0.31903.59
MinimumVisualStudioVersion = 10.0.40219.1
Project("{FAE04EC0-301F-11D3-BF4B-00C04F79EFBC}") = "backend", "backend.csproj", "{D92F5836-D0BB-41AE-9AED-91AAC763A9D7}"
EndProject
Project("{FAE04EC0-301F-11D3-BF4B-00C04F79EFBC}") = "backend.Tests", "..\backend.Tests\backend.Tests.csproj", "{0254DCA3-0DF2-488C-81D9-D5A127F92256}"
EndProject
Global
	GlobalSection(SolutionConfigurationPlatforms) = preSolution
		Debug|Any CPU = Debug|Any CPU
		Release|Any CPU = Release|Any CPU
	EndGlobalSection
	GlobalSection(SolutionProperties) = preSolution
		HideSolutionNode = FALSE
	EndGlobalSection
	GlobalSection(ProjectConfigurationPlatforms) = postSolution
		{D92F5836-D0BB-41AE-9AED-91AAC763A9D7}.Debug|Any CPU.ActiveCfg = Debug|Any CPU
		{D92F5836-D0BB-41AE-9AED-91AAC763A9D7}.Debug|Any CPU.Build.0 = Debug|Any CPU
		{D92F5836-D0BB-41AE-9AED-91AAC763A9D7}.Release|Any CPU.ActiveCfg = Release|Any CPU
		{D92F5836-D0BB-41AE-9AED-91AAC763A9D7}.Release|Any CPU.Build.0 = Release|Any CPU
		{0254DCA3-0DF2-488C-81D9-D5A127F92256}.Debug|Any CPU.ActiveCfg = Debug|Any CPU
		{0254DCA3-0DF2-488C-81D9-D5A127F92256}.Debug|Any CPU.Build.0 = Debug|Any CPU
		{0254DCA3-0DF2-488C-81D9-D5A127F92256}.Release|Any CPU.ActiveCfg = Release|Any CPU
		{0254DCA3-0DF2-488C-81D9-D5A127F92256}.Release|Any CPU.Build.0 = Release|Any CPU
	EndGlobalSection
EndGlobal
